
Microsoft Visual Studio Solution File, Format Version 12.00
# Visual Studio Version 17
VisualStudioVersion = 17.0.31903.59
MinimumVisualStudioVersion = 10.0.40219.1
Project("{FAE04EC0-301F-11D3-BF4B-00C04F79EFBC}") = "RehberlikSistemi.Web", "RehberlikSistemi.Web\RehberlikSistemi.Web.csproj", "{9E2D58B4-CBE5-4618-9271-E3DFC1C60C0F}"
EndProject
<<<<<<< HEAD
Project("{FAE04EC0-301F-11D3-BF4B-00C04F79EFBC}") = "RehberlikSistemi.Web.Tests", "RehberlikSistemi.Web.Tests\RehberlikSistemi.Web.Tests.csproj", "{08B5FDDC-47E6-4088-9AB3-A6FAEE3D0B1A}"
=======
Project("{FAE04EC0-301F-11D3-BF4B-00C04F79EFBC}") = "RehberlikSistemi.Web.Tests", "RehberlikSistemi.Web.Tests\RehberlikSistemi.Web.Tests.csproj", "{27030A3A-3EBE-4F77-82A8-80E4DFCADB0C}"
>>>>>>> origin/testing-improvement-student-controller-2888079067300223416
EndProject
Global
	GlobalSection(SolutionConfigurationPlatforms) = preSolution
		Debug|Any CPU = Debug|Any CPU
		Debug|x64 = Debug|x64
		Debug|x86 = Debug|x86
		Release|Any CPU = Release|Any CPU
		Release|x64 = Release|x64
		Release|x86 = Release|x86
	EndGlobalSection
	GlobalSection(ProjectConfigurationPlatforms) = postSolution
		{9E2D58B4-CBE5-4618-9271-E3DFC1C60C0F}.Debug|Any CPU.ActiveCfg = Debug|Any CPU
		{9E2D58B4-CBE5-4618-9271-E3DFC1C60C0F}.Debug|Any CPU.Build.0 = Debug|Any CPU
		{9E2D58B4-CBE5-4618-9271-E3DFC1C60C0F}.Debug|x64.ActiveCfg = Debug|Any CPU
		{9E2D58B4-CBE5-4618-9271-E3DFC1C60C0F}.Debug|x64.Build.0 = Debug|Any CPU
		{9E2D58B4-CBE5-4618-9271-E3DFC1C60C0F}.Debug|x86.ActiveCfg = Debug|Any CPU
		{9E2D58B4-CBE5-4618-9271-E3DFC1C60C0F}.Debug|x86.Build.0 = Debug|Any CPU
		{9E2D58B4-CBE5-4618-9271-E3DFC1C60C0F}.Release|Any CPU.ActiveCfg = Release|Any CPU
		{9E2D58B4-CBE5-4618-9271-E3DFC1C60C0F}.Release|Any CPU.Build.0 = Release|Any CPU
		{9E2D58B4-CBE5-4618-9271-E3DFC1C60C0F}.Release|x64.ActiveCfg = Release|Any CPU
		{9E2D58B4-CBE5-4618-9271-E3DFC1C60C0F}.Release|x64.Build.0 = Release|Any CPU
		{9E2D58B4-CBE5-4618-9271-E3DFC1C60C0F}.Release|x86.ActiveCfg = Release|Any CPU
		{9E2D58B4-CBE5-4618-9271-E3DFC1C60C0F}.Release|x86.Build.0 = Release|Any CPU
		{27030A3A-3EBE-4F77-82A8-80E4DFCADB0C}.Debug|Any CPU.ActiveCfg = Debug|Any CPU
		{27030A3A-3EBE-4F77-82A8-80E4DFCADB0C}.Debug|Any CPU.Build.0 = Debug|Any CPU
		{27030A3A-3EBE-4F77-82A8-80E4DFCADB0C}.Debug|x64.ActiveCfg = Debug|Any CPU
		{27030A3A-3EBE-4F77-82A8-80E4DFCADB0C}.Debug|x64.Build.0 = Debug|Any CPU
		{27030A3A-3EBE-4F77-82A8-80E4DFCADB0C}.Debug|x86.ActiveCfg = Debug|Any CPU
		{27030A3A-3EBE-4F77-82A8-80E4DFCADB0C}.Debug|x86.Build.0 = Debug|Any CPU
		{27030A3A-3EBE-4F77-82A8-80E4DFCADB0C}.Release|Any CPU.ActiveCfg = Release|Any CPU
		{27030A3A-3EBE-4F77-82A8-80E4DFCADB0C}.Release|Any CPU.Build.0 = Release|Any CPU
		{27030A3A-3EBE-4F77-82A8-80E4DFCADB0C}.Release|x64.ActiveCfg = Release|Any CPU
		{27030A3A-3EBE-4F77-82A8-80E4DFCADB0C}.Release|x64.Build.0 = Release|Any CPU
		{27030A3A-3EBE-4F77-82A8-80E4DFCADB0C}.Release|x86.ActiveCfg = Release|Any CPU
		{27030A3A-3EBE-4F77-82A8-80E4DFCADB0C}.Release|x86.Build.0 = Release|Any CPU
	EndGlobalSection
	GlobalSection(SolutionProperties) = preSolution
		HideSolutionNode = FALSE
	EndGlobalSection
EndGlobal
